# THIS IS AN AUTOGENERATED FILE. DO NOT EDIT THIS FILE DIRECTLY.
# yarn lockfile v1


popper.js@^1.11.1:
  version "1.12.5"
  resolved "https://registry.yarnpkg.com/popper.js/-/popper.js-1.12.5.tgz#229e4dea01629e1f1a1e26991ffade5024220fa6"

tippy.js@^1.2.0:
  version "1.2.0"
  resolved "https://registry.yarnpkg.com/tippy.js/-/tippy.js-1.2.0.tgz#af0bbf6c4746c7e2a2688ea02826b5517f860f11"
  dependencies:
    popper.js "^1.11.1"
